
Microsoft Visual Studio Solution File, Format Version 12.00
# Visual Studio 2013
VisualStudioVersion = 12.0.30501.0
MinimumVisualStudioVersion = 10.0.40219.1
Project("{FAE04EC0-301F-11D3-BF4B-00C04F79EFBC}") = "game-emparium.game.spacemadness", "game-emparium.game.spacemadness\game-emparium.game.spacemadness.csproj", "{8844B34C-FAE3-4D48-B76E-7A5D40D243F8}"
EndProject
Project("{FAE04EC0-301F-11D3-BF4B-00C04F79EFBC}") = "game-emparium.lobby", "game-emparium.lobby\game-emparium.lobby.csproj", "{EE229026-4929-4EA0-A747-07AF1C3DB2FF}"
EndProject
Project("{FAE04EC0-301F-11D3-BF4B-00C04F79EFBC}") = "game-emparium.xsockets.server", "game-emparium.xsockets.server\game-emparium.xsockets.server.csproj", "{C63B5A2D-5B15-4EFA-9400-AAB88B8BD93A}"
EndProject
Global
	GlobalSection(SolutionConfigurationPlatforms) = preSolution
		Debug|Any CPU = Debug|Any CPU
		Release|Any CPU = Release|Any CPU
	EndGlobalSection
	GlobalSection(ProjectConfigurationPlatforms) = postSolution
		{8844B34C-FAE3-4D48-B76E-7A5D40D243F8}.Debug|Any CPU.ActiveCfg = Debug|Any CPU
		{8844B34C-FAE3-4D48-B76E-7A5D40D243F8}.Debug|Any CPU.Build.0 = Debug|Any CPU
		{8844B34C-FAE3-4D48-B76E-7A5D40D243F8}.Release|Any CPU.ActiveCfg = Release|Any CPU
		{8844B34C-FAE3-4D48-B76E-7A5D40D243F8}.Release|Any CPU.Build.0 = Release|Any CPU
		{EE229026-4929-4EA0-A747-07AF1C3DB2FF}.Debug|Any CPU.ActiveCfg = Debug|Any CPU
		{EE229026-4929-4EA0-A747-07AF1C3DB2FF}.Debug|Any CPU.Build.0 = Debug|Any CPU
		{EE229026-4929-4EA0-A747-07AF1C3DB2FF}.Release|Any CPU.ActiveCfg = Release|Any CPU
		{EE229026-4929-4EA0-A747-07AF1C3DB2FF}.Release|Any CPU.Build.0 = Release|Any CPU
		{C63B5A2D-5B15-4EFA-9400-AAB88B8BD93A}.Debug|Any CPU.ActiveCfg = Debug|Any CPU
		{C63B5A2D-5B15-4EFA-9400-AAB88B8BD93A}.Debug|Any CPU.Build.0 = Debug|Any CPU
		{C63B5A2D-5B15-4EFA-9400-AAB88B8BD93A}.Release|Any CPU.ActiveCfg = Release|Any CPU
		{C63B5A2D-5B15-4EFA-9400-AAB88B8BD93A}.Release|Any CPU.Build.0 = Release|Any CPU
	EndGlobalSection
	GlobalSection(SolutionProperties) = preSolution
		HideSolutionNode = FALSE
	EndGlobalSection
EndGlobal
